
Microsoft Visual Studio Solution File, Format Version 12.00
# Visual Studio 15
VisualStudioVersion = 15.0.27130.2003
MinimumVisualStudioVersion = 10.0.40219.1
Project("{FAE04EC0-301F-11D3-BF4B-00C04F79EFBC}") = "PROJECTDIVA_Tool", "PROJECTDIVA_Tool\PROJECTDIVA_Tool.csproj", "{22FCF170-F3A4-4C2E-A206-CB435739F4DE}"
EndProject
Project("{FAE04EC0-301F-11D3-BF4B-00C04F79EFBC}") = "DIVALib", "DIVALib\DIVALib.csproj", "{0777CD4F-2D6B-4E46-9F55-EC4DCC1AB59B}"
EndProject
Global
	GlobalSection(SolutionConfigurationPlatforms) = preSolution
		Debug|Any CPU = Debug|Any CPU
		Release|Any CPU = Release|Any CPU
	EndGlobalSection
	GlobalSection(ProjectConfigurationPlatforms) = postSolution
		{22FCF170-F3A4-4C2E-A206-CB435739F4DE}.Debug|Any CPU.ActiveCfg = Debug|Any CPU
		{22FCF170-F3A4-4C2E-A206-CB435739F4DE}.Debug|Any CPU.Build.0 = Debug|Any CPU
		{22FCF170-F3A4-4C2E-A206-CB435739F4DE}.Release|Any CPU.ActiveCfg = Release|Any CPU
		{22FCF170-F3A4-4C2E-A206-CB435739F4DE}.Release|Any CPU.Build.0 = Release|Any CPU
		{0777CD4F-2D6B-4E46-9F55-EC4DCC1AB59B}.Debug|Any CPU.ActiveCfg = Debug|Any CPU
		{0777CD4F-2D6B-4E46-9F55-EC4DCC1AB59B}.Debug|Any CPU.Build.0 = Debug|Any CPU
		{0777CD4F-2D6B-4E46-9F55-EC4DCC1AB59B}.Release|Any CPU.ActiveCfg = Release|Any CPU
		{0777CD4F-2D6B-4E46-9F55-EC4DCC1AB59B}.Release|Any CPU.Build.0 = Release|Any CPU
	EndGlobalSection
	GlobalSection(SolutionProperties) = preSolution
		HideSolutionNode = FALSE
	EndGlobalSection
	GlobalSection(ExtensibilityGlobals) = postSolution
		SolutionGuid = {BC34BC47-D537-48BD-BFEF-44A6238CD4C8}
	EndGlobalSection
EndGlobal
